
Microsoft Visual Studio Solution File, Format Version 12.00
# Visual Studio Version 16
VisualStudioVersion = 16.0.30011.22
MinimumVisualStudioVersion = 10.0.40219.1
Project("{8BC9CEB8-8B4A-11D0-8D11-00A0C91BC942}") = "KTLT_Project", "KTLT_Project\KTLT_Project.vcxproj", "{E1238BAF-B216-4BA3-AA71-FB28FC0A538F}"
EndProject
Global
	GlobalSection(SolutionConfigurationPlatforms) = preSolution
		Debug|x64 = Debug|x64
		Debug|x86 = Debug|x86
		Release|x64 = Release|x64
		Release|x86 = Release|x86
	EndGlobalSection
	GlobalSection(ProjectConfigurationPlatforms) = postSolution
		{E1238BAF-B216-4BA3-AA71-FB28FC0A538F}.Debug|x64.ActiveCfg = Debug|x64
		{E1238BAF-B216-4BA3-AA71-FB28FC0A538F}.Debug|x64.Build.0 = Debug|x64
		{E1238BAF-B216-4BA3-AA71-FB28FC0A538F}.Debug|x86.ActiveCfg = Debug|Win32
		{E1238BAF-B216-4BA3-AA71-FB28FC0A538F}.Debug|x86.Build.0 = Debug|Win32
		{E1238BAF-B216-4BA3-AA71-FB28FC0A538F}.Release|x64.ActiveCfg = Release|x64
		{E1238BAF-B216-4BA3-AA71-FB28FC0A538F}.Release|x64.Build.0 = Release|x64
		{E1238BAF-B216-4BA3-AA71-FB28FC0A538F}.Release|x86.ActiveCfg = Release|Win32
		{E1238BAF-B216-4BA3-AA71-FB28FC0A538F}.Release|x86.Build.0 = Release|Win32
	EndGlobalSection
	GlobalSection(SolutionProperties) = preSolution
		HideSolutionNode = FALSE
	EndGlobalSection
	GlobalSection(ExtensibilityGlobals) = postSolution
		SolutionGuid = {9BCA942F-F857-48D4-9DF2-A2CFD6DA3E1F}
	EndGlobalSection
EndGlobal
